{
  "name": "rsa-aes-hybrid",
  "version": "1.0.0",
  "lockfileVersion": 1,
  "requires": true,
  "dependencies": {
    "cryptico-js": {
      "version": "1.1.0",
      "resolved": "https://registry.npmjs.org/cryptico-js/-/cryptico-js-1.1.0.tgz",
      "integrity": "sha512-ODVGwsGIHOCfOYhM60uf3UvmGI7UR5K+Y7uoPfH8wRC0gd1pbWuEW5dR7qOZdSO5vLLORYi1G90gd22lGT/5Zw=="
    }
  }
}
